// !$*UTF8*$!
{
	archiveVersion = 1;
	classes = {
	};
	objectVersion = 52;
	objects = {

/* Begin PBXBuildFile section */
		D001677823C6B08B003AD833 /* AppDelegate.swift in Sources */ = {isa = PBXBuildFile; fileRef = D001677723C6B08B003AD833 /* AppDelegate.swift */; };
		D001677A23C6B08B003AD833 /* SceneDelegate.swift in Sources */ = {isa = PBXBuildFile; fileRef = D001677923C6B08B003AD833 /* SceneDelegate.swift */; };
		D001677C23C6B08B003AD833 /* ChannelsVC.swift in Sources */ = {isa = PBXBuildFile; fileRef = D001677B23C6B08B003AD833 /* ChannelsVC.swift */; };
		D001677F23C6B08B003AD833 /* Main.storyboard in Resources */ = {isa = PBXBuildFile; fileRef = D001677D23C6B08B003AD833 /* Main.storyboard */; };
		D001678223C6B08B003AD833 /* Synapse.xcdatamodeld in Sources */ = {isa = PBXBuildFile; fileRef = D001678023C6B08B003AD833 /* Synapse.xcdatamodeld */; };
		D001678423C6B08D003AD833 /* Assets.xcassets in Resources */ = {isa = PBXBuildFile; fileRef = D001678323C6B08D003AD833 /* Assets.xcassets */; };
		D001678723C6B08D003AD833 /* LaunchScreen.storyboard in Resources */ = {isa = PBXBuildFile; fileRef = D001678523C6B08D003AD833 /* LaunchScreen.storyboard */; };
		D001679323C6EEA5003AD833 /* SWXMLHash in Frameworks */ = {isa = PBXBuildFile; productRef = D001679223C6EEA5003AD833 /* SWXMLHash */; };
		D054C02023C9736D004E7B82 /* DateManager.swift in Sources */ = {isa = PBXBuildFile; fileRef = D054C01F23C9736D004E7B82 /* DateManager.swift */; };
		D054C02223C994DB004E7B82 /* Path.swift in Sources */ = {isa = PBXBuildFile; fileRef = D054C02123C994DB004E7B82 /* Path.swift */; };
		D0A8FD1F23C6F2FE00E0E7DC /* CoreData.swift in Sources */ = {isa = PBXBuildFile; fileRef = D0A8FD1E23C6F2FE00E0E7DC /* CoreData.swift */; };
		D0A8FD2123C6F5C000E0E7DC /* Extensions.swift in Sources */ = {isa = PBXBuildFile; fileRef = D0A8FD2023C6F5C000E0E7DC /* Extensions.swift */; };
		D0A8FD2323C6F62A00E0E7DC /* AddFeedVC.swift in Sources */ = {isa = PBXBuildFile; fileRef = D0A8FD2223C6F62A00E0E7DC /* AddFeedVC.swift */; };
		D0A8FD2523C6F9F800E0E7DC /* FeedReader.swift in Sources */ = {isa = PBXBuildFile; fileRef = D0A8FD2423C6F9F800E0E7DC /* FeedReader.swift */; };
		D0A8FD2723C6FA1700E0E7DC /* Networking.swift in Sources */ = {isa = PBXBuildFile; fileRef = D0A8FD2623C6FA1700E0E7DC /* Networking.swift */; };
		D0BF467723C833F900AF4BC8 /* ItemListVC.swift in Sources */ = {isa = PBXBuildFile; fileRef = D0BF467623C833F900AF4BC8 /* ItemListVC.swift */; };
/* End PBXBuildFile section */

/* Begin PBXFileReference section */
		D001677423C6B08B003AD833 /* Synapse.app */ = {isa = PBXFileReference; explicitFileType = wrapper.application; includeInIndex = 0; path = Synapse.app; sourceTree = BUILT_PRODUCTS_DIR; };
		D001677723C6B08B003AD833 /* AppDelegate.swift */ = {isa = PBXFileReference; lastKnownFileType = sourcecode.swift; path = AppDelegate.swift; sourceTree = "<group>"; };
		D001677923C6B08B003AD833 /* SceneDelegate.swift */ = {isa = PBXFileReference; lastKnownFileType = sourcecode.swift; path = SceneDelegate.swift; sourceTree = "<group>"; };
		D001677B23C6B08B003AD833 /* ChannelsVC.swift */ = {isa = PBXFileReference; lastKnownFileType = sourcecode.swift; path = ChannelsVC.swift; sourceTree = "<group>"; };
		D001677E23C6B08B003AD833 /* Base */ = {isa = PBXFileReference; lastKnownFileType = file.storyboard; name = Base; path = Base.lproj/Main.storyboard; sourceTree = "<group>"; };
		D001678123C6B08B003AD833 /* Synapse.xcdatamodel */ = {isa = PBXFileReference; lastKnownFileType = wrapper.xcdatamodel; path = Synapse.xcdatamodel; sourceTree = "<group>"; };
		D001678323C6B08D003AD833 /* Assets.xcassets */ = {isa = PBXFileReference; lastKnownFileType = folder.assetcatalog; path = Assets.xcassets; sourceTree = "<group>"; };
		D001678623C6B08D003AD833 /* Base */ = {isa = PBXFileReference; lastKnownFileType = file.storyboard; name = Base; path = Base.lproj/LaunchScreen.storyboard; sourceTree = "<group>"; };
		D001678823C6B08D003AD833 /* Info.plist */ = {isa = PBXFileReference; lastKnownFileType = text.plist.xml; path = Info.plist; sourceTree = "<group>"; };
		D054C01F23C9736D004E7B82 /* DateManager.swift */ = {isa = PBXFileReference; fileEncoding = 4; lastKnownFileType = sourcecode.swift; path = DateManager.swift; sourceTree = "<group>"; };
		D054C02123C994DB004E7B82 /* Path.swift */ = {isa = PBXFileReference; fileEncoding = 4; lastKnownFileType = sourcecode.swift; path = Path.swift; sourceTree = "<group>"; };
		D0A8FD1E23C6F2FE00E0E7DC /* CoreData.swift */ = {isa = PBXFileReference; lastKnownFileType = sourcecode.swift; path = CoreData.swift; sourceTree = "<group>"; };
		D0A8FD2023C6F5C000E0E7DC /* Extensions.swift */ = {isa = PBXFileReference; lastKnownFileType = sourcecode.swift; path = Extensions.swift; sourceTree = "<group>"; };
		D0A8FD2223C6F62A00E0E7DC /* AddFeedVC.swift */ = {isa = PBXFileReference; lastKnownFileType = sourcecode.swift; path = AddFeedVC.swift; sourceTree = "<group>"; };
		D0A8FD2423C6F9F800E0E7DC /* FeedReader.swift */ = {isa = PBXFileReference; lastKnownFileType = sourcecode.swift; path = FeedReader.swift; sourceTree = "<group>"; };
		D0A8FD2623C6FA1700E0E7DC /* Networking.swift */ = {isa = PBXFileReference; lastKnownFileType = sourcecode.swift; path = Networking.swift; sourceTree = "<group>"; };
		D0BF467623C833F900AF4BC8 /* ItemListVC.swift */ = {isa = PBXFileReference; lastKnownFileType = sourcecode.swift; path = ItemListVC.swift; sourceTree = "<group>"; };
/* End PBXFileReference section */

/* Begin PBXFrameworksBuildPhase section */
		D001677123C6B08B003AD833 /* Frameworks */ = {
			isa = PBXFrameworksBuildPhase;
			buildActionMask = 2147483647;
			files = (
				D001679323C6EEA5003AD833 /* SWXMLHash in Frameworks */,
			);
			runOnlyForDeploymentPostprocessing = 0;
		};
/* End PBXFrameworksBuildPhase section */

/* Begin PBXGroup section */
		D001676B23C6B08B003AD833 = {
			isa = PBXGroup;
			children = (
				D001677623C6B08B003AD833 /* Synapse */,
				D001677523C6B08B003AD833 /* Products */,
			);
			sourceTree = "<group>";
		};
		D001677523C6B08B003AD833 /* Products */ = {
			isa = PBXGroup;
			children = (
				D001677423C6B08B003AD833 /* Synapse.app */,
			);
			name = Products;
			sourceTree = "<group>";
		};
		D001677623C6B08B003AD833 /* Synapse */ = {
			isa = PBXGroup;
			children = (
				D001679023C6B224003AD833 /* Delegates */,
				D001677B23C6B08B003AD833 /* ChannelsVC.swift */,
				D0BF467623C833F900AF4BC8 /* ItemListVC.swift */,
				D0A8FD2223C6F62A00E0E7DC /* AddFeedVC.swift */,
				D0A8FD2823C7BED300E0E7DC /* Library */,
				D001678F23C6B217003AD833 /* Storyboards */,
				D001678E23C6B208003AD833 /* Resources */,
			);
			path = Synapse;
			sourceTree = "<group>";
		};
		D001678E23C6B208003AD833 /* Resources */ = {
			isa = PBXGroup;
			children = (
				D001678323C6B08D003AD833 /* Assets.xcassets */,
				D001678823C6B08D003AD833 /* Info.plist */,
				D001678023C6B08B003AD833 /* Synapse.xcdatamodeld */,
			);
			name = Resources;
			sourceTree = "<group>";
		};
		D001678F23C6B217003AD833 /* Storyboards */ = {
			isa = PBXGroup;
			children = (
				D001677D23C6B08B003AD833 /* Main.storyboard */,
				D001678523C6B08D003AD833 /* LaunchScreen.storyboard */,
			);
			name = Storyboards;
			sourceTree = "<group>";
		};
		D001679023C6B224003AD833 /* Delegates */ = {
			isa = PBXGroup;
			children = (
				D001677723C6B08B003AD833 /* AppDelegate.swift */,
				D001677923C6B08B003AD833 /* SceneDelegate.swift */,
			);
			name = Delegates;
			sourceTree = "<group>";
		};
		D0A8FD2823C7BED300E0E7DC /* Library */ = {
			isa = PBXGroup;
			children = (
				D0A8FD1E23C6F2FE00E0E7DC /* CoreData.swift */,
				D0A8FD2423C6F9F800E0E7DC /* FeedReader.swift */,
				D0A8FD2623C6FA1700E0E7DC /* Networking.swift */,
				D0A8FD2023C6F5C000E0E7DC /* Extensions.swift */,
				D054C01F23C9736D004E7B82 /* DateManager.swift */,
				D054C02123C994DB004E7B82 /* Path.swift */,
			);
			name = Library;
			sourceTree = "<group>";
		};
/* End PBXGroup section */

/* Begin PBXNativeTarget section */
		D001677323C6B08B003AD833 /* Synapse */ = {
			isa = PBXNativeTarget;
			buildConfigurationList = D001678B23C6B08D003AD833 /* Build configuration list for PBXNativeTarget "Synapse" */;
			buildPhases = (
				D001677023C6B08B003AD833 /* Sources */,
				D001677123C6B08B003AD833 /* Frameworks */,
				D001677223C6B08B003AD833 /* Resources */,
			);
			buildRules = (
			);
			dependencies = (
			);
			name = Synapse;
			packageProductDependencies = (
				D001679223C6EEA5003AD833 /* SWXMLHash */,
			);
			productName = Synapse;
			productReference = D001677423C6B08B003AD833 /* Synapse.app */;
			productType = "com.apple.product-type.application";
		};
/* End PBXNativeTarget section */

/* Begin PBXProject section */
		D001676C23C6B08B003AD833 /* Project object */ = {
			isa = PBXProject;
			attributes = {
				LastSwiftUpdateCheck = 1130;
				LastUpgradeCheck = 1130;
				ORGANIZATIONNAME = "Justin K Gibbons";
				TargetAttributes = {
					D001677323C6B08B003AD833 = {
						CreatedOnToolsVersion = 11.3;
					};
				};
			};
			buildConfigurationList = D001676F23C6B08B003AD833 /* Build configuration list for PBXProject "Synapse" */;
			compatibilityVersion = "Xcode 9.3";
			developmentRegion = en;
			hasScannedForEncodings = 0;
			knownRegions = (
				en,
				Base,
			);
			mainGroup = D001676B23C6B08B003AD833;
			packageReferences = (
				D001679123C6EEA5003AD833 /* XCRemoteSwiftPackageReference "SWXMLHash" */,
			);
			productRefGroup = D001677523C6B08B003AD833 /* Products */;
			projectDirPath = "";
			projectRoot = "";
			targets = (
				D001677323C6B08B003AD833 /* Synapse */,
			);
		};
/* End PBXProject section */

/* Begin PBXResourcesBuildPhase section */
		D001677223C6B08B003AD833 /* Resources */ = {
			isa = PBXResourcesBuildPhase;
			buildActionMask = 2147483647;
			files = (
				D001678723C6B08D003AD833 /* LaunchScreen.storyboard in Resources */,
				D001678423C6B08D003AD833 /* Assets.xcassets in Resources */,
				D001677F23C6B08B003AD833 /* Main.storyboard in Resources */,
			);
			runOnlyForDeploymentPostprocessing = 0;
		};
/* End PBXResourcesBuildPhase section */

/* Begin PBXSourcesBuildPhase section */
		D001677023C6B08B003AD833 /* Sources */ = {
			isa = PBXSourcesBuildPhase;
			buildActionMask = 2147483647;
			files = (
				D001677C23C6B08B003AD833 /* ChannelsVC.swift in Sources */,
				D0BF467723C833F900AF4BC8 /* ItemListVC.swift in Sources */,
				D0A8FD2123C6F5C000E0E7DC /* Extensions.swift in Sources */,
				D0A8FD2523C6F9F800E0E7DC /* FeedReader.swift in Sources */,
				D0A8FD2723C6FA1700E0E7DC /* Networking.swift in Sources */,
				D001677823C6B08B003AD833 /* AppDelegate.swift in Sources */,
				D001677A23C6B08B003AD833 /* SceneDelegate.swift in Sources */,
				D054C02023C9736D004E7B82 /* DateManager.swift in Sources */,
				D001678223C6B08B003AD833 /* Synapse.xcdatamodeld in Sources */,
				D0A8FD1F23C6F2FE00E0E7DC /* CoreData.swift in Sources */,
				D054C02223C994DB004E7B82 /* Path.swift in Sources */,
				D0A8FD2323C6F62A00E0E7DC /* AddFeedVC.swift in Sources */,
			);
			runOnlyForDeploymentPostprocessing = 0;
		};
/* End PBXSourcesBuildPhase section */

/* Begin PBXVariantGroup section */
		D001677D23C6B08B003AD833 /* Main.storyboard */ = {
			isa = PBXVariantGroup;
			children = (
				D001677E23C6B08B003AD833 /* Base */,
			);
			name = Main.storyboard;
			sourceTree = "<group>";
		};
		D001678523C6B08D003AD833 /* LaunchScreen.storyboard */ = {
			isa = PBXVariantGroup;
			children = (
				D001678623C6B08D003AD833 /* Base */,
			);
			name = LaunchScreen.storyboard;
			sourceTree = "<group>";
		};
/* End PBXVariantGroup section */

/* Begin XCBuildConfiguration section */
		D001678923C6B08D003AD833 /* Debug */ = {
			isa = XCBuildConfiguration;
			buildSettings = {
				ALWAYS_SEARCH_USER_PATHS = NO;
				CLANG_ANALYZER_NONNULL = YES;
				CLANG_ANALYZER_NUMBER_OBJECT_CONVERSION = YES_AGGRESSIVE;
				CLANG_CXX_LANGUAGE_STANDARD = "gnu++14";
				CLANG_CXX_LIBRARY = "libc++";
				CLANG_ENABLE_MODULES = YES;
				CLANG_ENABLE_OBJC_ARC = YES;
				CLANG_ENABLE_OBJC_WEAK = YES;
				CLANG_WARN_BLOCK_CAPTURE_AUTORELEASING = YES;
				CLANG_WARN_BOOL_CONVERSION = YES;
				CLANG_WARN_COMMA = YES;
				CLANG_WARN_CONSTANT_CONVERSION = YES;
				CLANG_WARN_DEPRECATED_OBJC_IMPLEMENTATIONS = YES;
				CLANG_WARN_DIRECT_OBJC_ISA_USAGE = YES_ERROR;
				CLANG_WARN_DOCUMENTATION_COMMENTS = YES;
				CLANG_WARN_EMPTY_BODY = YES;
				CLANG_WARN_ENUM_CONVERSION = YES;
				CLANG_WARN_INFINITE_RECURSION = YES;
				CLANG_WARN_INT_CONVERSION = YES;
				CLANG_WARN_NON_LITERAL_NULL_CONVERSION = YES;
				CLANG_WARN_OBJC_IMPLICIT_RETAIN_SELF = YES;
				CLANG_WARN_OBJC_LITERAL_CONVERSION = YES;
				CLANG_WARN_OBJC_ROOT_CLASS = YES_ERROR;
				CLANG_WARN_RANGE_LOOP_ANALYSIS = YES;
				CLANG_WARN_STRICT_PROTOTYPES = YES;
				CLANG_WARN_SUSPICIOUS_MOVE = YES;
				CLANG_WARN_UNGUARDED_AVAILABILITY = YES_AGGRESSIVE;
				CLANG_WARN_UNREACHABLE_CODE = YES;
				CLANG_WARN__DUPLICATE_METHOD_MATCH = YES;
				COPY_PHASE_STRIP = NO;
				DEBUG_INFORMATION_FORMAT = dwarf;
				ENABLE_STRICT_OBJC_MSGSEND = YES;
				ENABLE_TESTABILITY = YES;
				GCC_C_LANGUAGE_STANDARD = gnu11;
				GCC_DYNAMIC_NO_PIC = NO;
				GCC_NO_COMMON_BLOCKS = YES;
				GCC_OPTIMIZATION_LEVEL = 0;
				GCC_PREPROCESSOR_DEFINITIONS = (
					"DEBUG=1",
					"$(inherited)",
				);
				GCC_WARN_64_TO_32_BIT_CONVERSION = YES;
				GCC_WARN_ABOUT_RETURN_TYPE = YES_ERROR;
				GCC_WARN_UNDECLARED_SELECTOR = YES;
				GCC_WARN_UNINITIALIZED_AUTOS = YES_AGGRESSIVE;
				GCC_WARN_UNUSED_FUNCTION = YES;
				GCC_WARN_UNUSED_VARIABLE = YES;
				IPHONEOS_DEPLOYMENT_TARGET = 13.2;
				MTL_ENABLE_DEBUG_INFO = INCLUDE_SOURCE;
				MTL_FAST_MATH = YES;
				ONLY_ACTIVE_ARCH = YES;
				SDKROOT = iphoneos;
				SWIFT_ACTIVE_COMPILATION_CONDITIONS = DEBUG;
				SWIFT_OPTIMIZATION_LEVEL = "-Onone";
			};
			name = Debug;
		};
		D001678A23C6B08D003AD833 /* Release */ = {
			isa = XCBuildConfiguration;
			buildSettings = {
				ALWAYS_SEARCH_USER_PATHS = NO;
				CLANG_ANALYZER_NONNULL = YES;
				CLANG_ANALYZER_NUMBER_OBJECT_CONVERSION = YES_AGGRESSIVE;
				CLANG_CXX_LANGUAGE_STANDARD = "gnu++14";
				CLANG_CXX_LIBRARY = "libc++";
				CLANG_ENABLE_MODULES = YES;
				CLANG_ENABLE_OBJC_ARC = YES;
				CLANG_ENABLE_OBJC_WEAK = YES;
				CLANG_WARN_BLOCK_CAPTURE_AUTORELEASING = YES;
				CLANG_WARN_BOOL_CONVERSION = YES;
				CLANG_WARN_COMMA = YES;
				CLANG_WARN_CONSTANT_CONVERSION = YES;
				CLANG_WARN_DEPRECATED_OBJC_IMPLEMENTATIONS = YES;
				CLANG_WARN_DIRECT_OBJC_ISA_USAGE = YES_ERROR;
				CLANG_WARN_DOCUMENTATION_COMMENTS = YES;
				CLANG_WARN_EMPTY_BODY = YES;
				CLANG_WARN_ENUM_CONVERSION = YES;
				CLANG_WARN_INFINITE_RECURSION = YES;
				CLANG_WARN_INT_CONVERSION = YES;
				CLANG_WARN_NON_LITERAL_NULL_CONVERSION = YES;
				CLANG_WARN_OBJC_IMPLICIT_RETAIN_SELF = YES;
				CLANG_WARN_OBJC_LITERAL_CONVERSION = YES;
				CLANG_WARN_OBJC_ROOT_CLASS = YES_ERROR;
				CLANG_WARN_RANGE_LOOP_ANALYSIS = YES;
				CLANG_WARN_STRICT_PROTOTYPES = YES;
				CLANG_WARN_SUSPICIOUS_MOVE = YES;
				CLANG_WARN_UNGUARDED_AVAILABILITY = YES_AGGRESSIVE;
				CLANG_WARN_UNREACHABLE_CODE = YES;
				CLANG_WARN__DUPLICATE_METHOD_MATCH = YES;
				COPY_PHASE_STRIP = NO;
				DEBUG_INFORMATION_FORMAT = "dwarf-with-dsym";
				ENABLE_NS_ASSERTIONS = NO;
				ENABLE_STRICT_OBJC_MSGSEND = YES;
				GCC_C_LANGUAGE_STANDARD = gnu11;
				GCC_NO_COMMON_BLOCKS = YES;
				GCC_WARN_64_TO_32_BIT_CONVERSION = YES;
				GCC_WARN_ABOUT_RETURN_TYPE = YES_ERROR;
				GCC_WARN_UNDECLARED_SELECTOR = YES;
				GCC_WARN_UNINITIALIZED_AUTOS = YES_AGGRESSIVE;
				GCC_WARN_UNUSED_FUNCTION = YES;
				GCC_WARN_UNUSED_VARIABLE = YES;
				IPHONEOS_DEPLOYMENT_TARGET = 13.2;
				MTL_ENABLE_DEBUG_INFO = NO;
				MTL_FAST_MATH = YES;
				SDKROOT = iphoneos;
				SWIFT_COMPILATION_MODE = wholemodule;
				SWIFT_OPTIMIZATION_LEVEL = "-O";
				VALIDATE_PRODUCT = YES;
			};
			name = Release;
		};
		D001678C23C6B08D003AD833 /* Debug */ = {
			isa = XCBuildConfiguration;
			buildSettings = {
				ASSETCATALOG_COMPILER_APPICON_NAME = AppIcon;
				CODE_SIGN_STYLE = Automatic;
				DEVELOPMENT_TEAM = WBD4264XFQ;
				INFOPLIST_FILE = Synapse/Info.plist;
				LD_RUNPATH_SEARCH_PATHS = (
					"$(inherited)",
					"@executable_path/Frameworks",
				);
				PRODUCT_BUNDLE_IDENTIFIER = com.justinkgibbons.Synapse;
				PRODUCT_NAME = "$(TARGET_NAME)";
				SWIFT_VERSION = 5.0;
				TARGETED_DEVICE_FAMILY = "1,2";
			};
			name = Debug;
		};
		D001678D23C6B08D003AD833 /* Release */ = {
			isa = XCBuildConfiguration;
			buildSettings = {
				ASSETCATALOG_COMPILER_APPICON_NAME = AppIcon;
				CODE_SIGN_STYLE = Automatic;
				DEVELOPMENT_TEAM = WBD4264XFQ;
				INFOPLIST_FILE = Synapse/Info.plist;
				LD_RUNPATH_SEARCH_PATHS = (
					"$(inherited)",
					"@executable_path/Frameworks",
				);
				PRODUCT_BUNDLE_IDENTIFIER = com.justinkgibbons.Synapse;
				PRODUCT_NAME = "$(TARGET_NAME)";
				SWIFT_VERSION = 5.0;
				TARGETED_DEVICE_FAMILY = "1,2";
			};
			name = Release;
		};
/* End XCBuildConfiguration section */

/* Begin XCConfigurationList section */
		D001676F23C6B08B003AD833 /* Build configuration list for PBXProject "Synapse" */ = {
			isa = XCConfigurationList;
			buildConfigurations = (
				D001678923C6B08D003AD833 /* Debug */,
				D001678A23C6B08D003AD833 /* Release */,
			);
			defaultConfigurationIsVisible = 0;
			defaultConfigurationName = Release;
		};
		D001678B23C6B08D003AD833 /* Build configuration list for PBXNativeTarget "Synapse" */ = {
			isa = XCConfigurationList;
			buildConfigurations = (
				D001678C23C6B08D003AD833 /* Debug */,
				D001678D23C6B08D003AD833 /* Release */,
			);
			defaultConfigurationIsVisible = 0;
			defaultConfigurationName = Release;
		};
/* End XCConfigurationList section */

/* Begin XCRemoteSwiftPackageReference section */
		D001679123C6EEA5003AD833 /* XCRemoteSwiftPackageReference "SWXMLHash" */ = {
			isa = XCRemoteSwiftPackageReference;
			repositoryURL = "https://github.com/drmohundro/SWXMLHash.git";
			requirement = {
				kind = upToNextMajorVersion;
				minimumVersion = 5.0.1;
			};
		};
/* End XCRemoteSwiftPackageReference section */

/* Begin XCSwiftPackageProductDependency section */
		D001679223C6EEA5003AD833 /* SWXMLHash */ = {
			isa = XCSwiftPackageProductDependency;
			package = D001679123C6EEA5003AD833 /* XCRemoteSwiftPackageReference "SWXMLHash" */;
			productName = SWXMLHash;
		};
/* End XCSwiftPackageProductDependency section */

/* Begin XCVersionGroup section */
		D001678023C6B08B003AD833 /* Synapse.xcdatamodeld */ = {
			isa = XCVersionGroup;
			children = (
				D001678123C6B08B003AD833 /* Synapse.xcdatamodel */,
			);
			currentVersion = D001678123C6B08B003AD833 /* Synapse.xcdatamodel */;
			path = Synapse.xcdatamodeld;
			sourceTree = "<group>";
			versionGroupType = wrapper.xcdatamodel;
		};
/* End XCVersionGroup section */
	};
	rootObject = D001676C23C6B08B003AD833 /* Project object */;
}
